
Microsoft Visual Studio Solution File, Format Version 12.00
# Visual Studio Version 16
VisualStudioVersion = 16.0.31702.278
MinimumVisualStudioVersion = 10.0.40219.1
Project("{FAE04EC0-301F-11D3-BF4B-00C04F79EFBC}") = "Estudiantes.WebAPI", "Estudiantes.WebAPI.csproj", "{D9E8FA31-1713-400E-8C8D-82C83716AB74}"
EndProject
Global
	GlobalSection(SolutionConfigurationPlatforms) = preSolution
		Debug|Any CPU = Debug|Any CPU
		Release|Any CPU = Release|Any CPU
	EndGlobalSection
	GlobalSection(ProjectConfigurationPlatforms) = postSolution
		{D9E8FA31-1713-400E-8C8D-82C83716AB74}.Debug|Any CPU.ActiveCfg = Debug|Any CPU
		{D9E8FA31-1713-400E-8C8D-82C83716AB74}.Debug|Any CPU.Build.0 = Debug|Any CPU
		{D9E8FA31-1713-400E-8C8D-82C83716AB74}.Release|Any CPU.ActiveCfg = Release|Any CPU
		{D9E8FA31-1713-400E-8C8D-82C83716AB74}.Release|Any CPU.Build.0 = Release|Any CPU
	EndGlobalSection
	GlobalSection(SolutionProperties) = preSolution
		HideSolutionNode = FALSE
	EndGlobalSection
	GlobalSection(ExtensibilityGlobals) = postSolution
		SolutionGuid = {231C3157-8010-4920-B048-B1A0967D7F65}
	EndGlobalSection
EndGlobal
